
Microsoft Visual Studio Solution File, Format Version 12.00
# Visual Studio 15
VisualStudioVersion = 15.0.28010.2041
MinimumVisualStudioVersion = 10.0.40219.1
Project("{FAE04EC0-301F-11D3-BF4B-00C04F79EFBC}") = "Full Thrust", "Full Thrust\Full Thrust.csproj", "{EDC24CE4-D1A6-41CA-BAE7-3B8AE67532CC}"
EndProject
Global
	GlobalSection(SolutionConfigurationPlatforms) = preSolution
		Debug|Any CPU = Debug|Any CPU
		Release|Any CPU = Release|Any CPU
	EndGlobalSection
	GlobalSection(ProjectConfigurationPlatforms) = postSolution
		{EDC24CE4-D1A6-41CA-BAE7-3B8AE67532CC}.Debug|Any CPU.ActiveCfg = Debug|Any CPU
		{EDC24CE4-D1A6-41CA-BAE7-3B8AE67532CC}.Debug|Any CPU.Build.0 = Debug|Any CPU
		{EDC24CE4-D1A6-41CA-BAE7-3B8AE67532CC}.Release|Any CPU.ActiveCfg = Release|Any CPU
		{EDC24CE4-D1A6-41CA-BAE7-3B8AE67532CC}.Release|Any CPU.Build.0 = Release|Any CPU
	EndGlobalSection
	GlobalSection(SolutionProperties) = preSolution
		HideSolutionNode = FALSE
	EndGlobalSection
	GlobalSection(ExtensibilityGlobals) = postSolution
		SolutionGuid = {DC0F96DE-39D2-433F-818F-412BFA704868}
	EndGlobalSection
EndGlobal
